// !$*UTF8*$!
{
	archiveVersion = 1;
	classes = {
	};
	objectVersion = 55;
	objects = {

/* Begin PBXBuildFile section */
		2DBA10506E6DFBD2D962474E /* ImageInfoView.swift in Sources */ = {isa = PBXBuildFile; fileRef = 2DBA1807701D5B6DC3834C59 /* ImageInfoView.swift */; };
		2DBA10BA3F35B3FAAEA9C9C7 /* ImageCardModel.swift in Sources */ = {isa = PBXBuildFile; fileRef = 2DBA13E81E5126B62C150347 /* ImageCardModel.swift */; };
		2DBA15154FB46A443342AEB3 /* Assets.xcassets in Resources */ = {isa = PBXBuildFile; fileRef = 2DBA158847D0D906F19F4066 /* Assets.xcassets */; };
		2DBA159D563B8FCE69D347CA /* UnsplashUserInfo.swift in Sources */ = {isa = PBXBuildFile; fileRef = 2DBA1A72648AE48C31826297 /* UnsplashUserInfo.swift */; };
		2DBA15C26EEA22A36DF6804F /* InfoLabel.swift in Sources */ = {isa = PBXBuildFile; fileRef = 2DBA1CD38344C93DD9D37AA3 /* InfoLabel.swift */; };
		2DBA164E5C749D15A2AC7DE2 /* ImageInfoModel.swift in Sources */ = {isa = PBXBuildFile; fileRef = 2DBA118C44AB9B4987408E0B /* ImageInfoModel.swift */; };
		2DBA1684D0BA7ACE95C47ABE /* AppDelegate.swift in Sources */ = {isa = PBXBuildFile; fileRef = 2DBA17024FF14A1440131A22 /* AppDelegate.swift */; };
		2DBA175C6FB14F5EC09C3448 /* UserInfoView.swift in Sources */ = {isa = PBXBuildFile; fileRef = 2DBA10C783A986E7D2607505 /* UserInfoView.swift */; };
		2DBA186BA310130891F2DC4E /* UnsplashImage.swift in Sources */ = {isa = PBXBuildFile; fileRef = 2DBA18FB6249D019FCEC6225 /* UnsplashImage.swift */; };
		2DBA19AE962E4B52FE49E258 /* UserInfoModel.swift in Sources */ = {isa = PBXBuildFile; fileRef = 2DBA1F781A076A85626D1214 /* UserInfoModel.swift */; };
		2DBA1ACD55C1B4E37BFE0C60 /* UnsplashApiKey.swift in Sources */ = {isa = PBXBuildFile; fileRef = 2DBA18DE9E7FABE4ABF0B02E /* UnsplashApiKey.swift */; };
		2DBA1AE36F50513591A26B91 /* MainVC.swift in Sources */ = {isa = PBXBuildFile; fileRef = 2DBA1687F587702BD7A6B3BC /* MainVC.swift */; };
		2DBA1AFB02081FB0DF25A24F /* UIImageView.swift in Sources */ = {isa = PBXBuildFile; fileRef = 2DBA184A9FFE07878E557C0A /* UIImageView.swift */; };
		2DBA1B1177220686A376D6A2 /* MainVM.swift in Sources */ = {isa = PBXBuildFile; fileRef = 2DBA166119E0B561A4FBF554 /* MainVM.swift */; };
		2DBA1C7F30E08C42000501B5 /* UnsplashRequests.swift in Sources */ = {isa = PBXBuildFile; fileRef = 2DBA14CFBE26DB49C34D761D /* UnsplashRequests.swift */; };
		2DBA1CAB0736D94217562794 /* ImageCard.swift in Sources */ = {isa = PBXBuildFile; fileRef = 2DBA10D0C8504A9EF0C633E4 /* ImageCard.swift */; };
		2DBA1DB6EB5DBE264BDAEC98 /* LaunchScreen.storyboard in Resources */ = {isa = PBXBuildFile; fileRef = 2DBA1F22B770581DF7DC4E49 /* LaunchScreen.storyboard */; };
		2DBA1F5918943068B066F82D /* UIView.swift in Sources */ = {isa = PBXBuildFile; fileRef = 2DBA170C3FE6C4D404C7DAAE /* UIView.swift */; };
		2DBA1F9E2A6D9B925D25F7AF /* UnsplashService.swift in Sources */ = {isa = PBXBuildFile; fileRef = 2DBA100FBEEB86F4072C6766 /* UnsplashService.swift */; };
/* End PBXBuildFile section */

/* Begin PBXFileReference section */
		2DBA100FBEEB86F4072C6766 /* UnsplashService.swift */ = {isa = PBXFileReference; fileEncoding = 4; lastKnownFileType = sourcecode.swift; path = UnsplashService.swift; sourceTree = "<group>"; };
		2DBA10C783A986E7D2607505 /* UserInfoView.swift */ = {isa = PBXFileReference; fileEncoding = 4; lastKnownFileType = sourcecode.swift; path = UserInfoView.swift; sourceTree = "<group>"; };
		2DBA10D0C8504A9EF0C633E4 /* ImageCard.swift */ = {isa = PBXFileReference; fileEncoding = 4; lastKnownFileType = sourcecode.swift; path = ImageCard.swift; sourceTree = "<group>"; };
		2DBA118C44AB9B4987408E0B /* ImageInfoModel.swift */ = {isa = PBXFileReference; fileEncoding = 4; lastKnownFileType = sourcecode.swift; path = ImageInfoModel.swift; sourceTree = "<group>"; };
		2DBA123DD71FC80A9456018D /* Info.plist */ = {isa = PBXFileReference; fileEncoding = 4; lastKnownFileType = text.plist.info; path = Info.plist; sourceTree = "<group>"; };
		2DBA13E81E5126B62C150347 /* ImageCardModel.swift */ = {isa = PBXFileReference; fileEncoding = 4; lastKnownFileType = sourcecode.swift; path = ImageCardModel.swift; sourceTree = "<group>"; };
		2DBA14CFBE26DB49C34D761D /* UnsplashRequests.swift */ = {isa = PBXFileReference; fileEncoding = 4; lastKnownFileType = sourcecode.swift; path = UnsplashRequests.swift; sourceTree = "<group>"; };
		2DBA158847D0D906F19F4066 /* Assets.xcassets */ = {isa = PBXFileReference; lastKnownFileType = folder.assetcatalog; path = Assets.xcassets; sourceTree = "<group>"; };
		2DBA166119E0B561A4FBF554 /* MainVM.swift */ = {isa = PBXFileReference; fileEncoding = 4; lastKnownFileType = sourcecode.swift; path = MainVM.swift; sourceTree = "<group>"; };
		2DBA1687F587702BD7A6B3BC /* MainVC.swift */ = {isa = PBXFileReference; fileEncoding = 4; lastKnownFileType = sourcecode.swift; path = MainVC.swift; sourceTree = "<group>"; };
		2DBA17024FF14A1440131A22 /* AppDelegate.swift */ = {isa = PBXFileReference; fileEncoding = 4; lastKnownFileType = sourcecode.swift; path = AppDelegate.swift; sourceTree = "<group>"; };
		2DBA170C3FE6C4D404C7DAAE /* UIView.swift */ = {isa = PBXFileReference; fileEncoding = 4; lastKnownFileType = sourcecode.swift; path = UIView.swift; sourceTree = "<group>"; };
		2DBA1807701D5B6DC3834C59 /* ImageInfoView.swift */ = {isa = PBXFileReference; fileEncoding = 4; lastKnownFileType = sourcecode.swift; path = ImageInfoView.swift; sourceTree = "<group>"; };
		2DBA184A9FFE07878E557C0A /* UIImageView.swift */ = {isa = PBXFileReference; fileEncoding = 4; lastKnownFileType = sourcecode.swift; path = UIImageView.swift; sourceTree = "<group>"; };
		2DBA18DE9E7FABE4ABF0B02E /* UnsplashApiKey.swift */ = {isa = PBXFileReference; fileEncoding = 4; lastKnownFileType = sourcecode.swift; path = UnsplashApiKey.swift; sourceTree = "<group>"; };
		2DBA18FB6249D019FCEC6225 /* UnsplashImage.swift */ = {isa = PBXFileReference; fileEncoding = 4; lastKnownFileType = sourcecode.swift; path = UnsplashImage.swift; sourceTree = "<group>"; };
		2DBA1A72648AE48C31826297 /* UnsplashUserInfo.swift */ = {isa = PBXFileReference; fileEncoding = 4; lastKnownFileType = sourcecode.swift; path = UnsplashUserInfo.swift; sourceTree = "<group>"; };
		2DBA1CD38344C93DD9D37AA3 /* InfoLabel.swift */ = {isa = PBXFileReference; fileEncoding = 4; lastKnownFileType = sourcecode.swift; path = InfoLabel.swift; sourceTree = "<group>"; };
		2DBA1F22B770581DF7DC4E49 /* LaunchScreen.storyboard */ = {isa = PBXFileReference; lastKnownFileType = file.storyboard; path = LaunchScreen.storyboard; sourceTree = "<group>"; };
		2DBA1F781A076A85626D1214 /* UserInfoModel.swift */ = {isa = PBXFileReference; fileEncoding = 4; lastKnownFileType = sourcecode.swift; path = UserInfoModel.swift; sourceTree = "<group>"; };
		FA6C6E1827F961EA00EC2AAD /* RandomImage.app */ = {isa = PBXFileReference; explicitFileType = wrapper.application; includeInIndex = 0; path = RandomImage.app; sourceTree = BUILT_PRODUCTS_DIR; };
/* End PBXFileReference section */

/* Begin PBXFrameworksBuildPhase section */
		FA6C6E1527F961EA00EC2AAD /* Frameworks */ = {
			isa = PBXFrameworksBuildPhase;
			buildActionMask = 2147483647;
			files = (
			);
			runOnlyForDeploymentPostprocessing = 0;
		};
/* End PBXFrameworksBuildPhase section */

/* Begin PBXGroup section */
		2DBA1039AA7B72700BCC4895 /* Network */ = {
			isa = PBXGroup;
			children = (
				2DBA14CFBE26DB49C34D761D /* UnsplashRequests.swift */,
				2DBA18DE9E7FABE4ABF0B02E /* UnsplashApiKey.swift */,
			);
			path = Network;
			sourceTree = "<group>";
		};
		2DBA11D70B35CBD82600164E /* Classes */ = {
			isa = PBXGroup;
			children = (
				2DBA1B3EB266725FC8707DEB /* Business */,
				2DBA1CF928FFF612C8691932 /* Generated */,
				2DBA12D632340ECB1F704994 /* Models */,
				2DBA179E6A49BCFBEF7F69E6 /* Modules */,
				2DBA1C7B904822DBB4CB7A20 /* UIKit */,
				2DBA17024FF14A1440131A22 /* AppDelegate.swift */,
			);
			path = Classes;
			sourceTree = "<group>";
		};
		2DBA12D632340ECB1F704994 /* Models */ = {
			isa = PBXGroup;
			children = (
				2DBA18FB6249D019FCEC6225 /* UnsplashImage.swift */,
				2DBA1A72648AE48C31826297 /* UnsplashUserInfo.swift */,
			);
			path = Models;
			sourceTree = "<group>";
		};
		2DBA14CF1A7931B64EB154B5 /* Services */ = {
			isa = PBXGroup;
			children = (
				2DBA100FBEEB86F4072C6766 /* UnsplashService.swift */,
			);
			path = Services;
			sourceTree = "<group>";
		};
		2DBA152D903B54D1F9C4E61B /* ImageCard */ = {
			isa = PBXGroup;
			children = (
				2DBA10D0C8504A9EF0C633E4 /* ImageCard.swift */,
				2DBA1EE67C67A3CA6EBFA0CF /* Subviews */,
				2DBA19AB531790CEF005B2C1 /* Models */,
			);
			path = ImageCard;
			sourceTree = "<group>";
		};
		2DBA155A2E96F5B4B482E6BA /* Resources */ = {
			isa = PBXGroup;
			children = (
				2DBA158847D0D906F19F4066 /* Assets.xcassets */,
				2DBA123DD71FC80A9456018D /* Info.plist */,
				2DBA1F22B770581DF7DC4E49 /* LaunchScreen.storyboard */,
			);
			path = Resources;
			sourceTree = "<group>";
		};
		2DBA177C282378ACD734FC4E /* Extensions */ = {
			isa = PBXGroup;
			children = (
				2DBA170C3FE6C4D404C7DAAE /* UIView.swift */,
				2DBA184A9FFE07878E557C0A /* UIImageView.swift */,
			);
			path = Extensions;
			sourceTree = "<group>";
		};
		2DBA179E6A49BCFBEF7F69E6 /* Modules */ = {
			isa = PBXGroup;
			children = (
				2DBA1A7A37CEF65C300F95C7 /* Main */,
			);
			path = Modules;
			sourceTree = "<group>";
		};
		2DBA19AB531790CEF005B2C1 /* Models */ = {
			isa = PBXGroup;
			children = (
				2DBA118C44AB9B4987408E0B /* ImageInfoModel.swift */,
				2DBA1F781A076A85626D1214 /* UserInfoModel.swift */,
				2DBA13E81E5126B62C150347 /* ImageCardModel.swift */,
			);
			path = Models;
			sourceTree = "<group>";
		};
		2DBA1A7A37CEF65C300F95C7 /* Main */ = {
			isa = PBXGroup;
			children = (
				2DBA1687F587702BD7A6B3BC /* MainVC.swift */,
				2DBA166119E0B561A4FBF554 /* MainVM.swift */,
			);
			path = Main;
			sourceTree = "<group>";
		};
		2DBA1B3EB266725FC8707DEB /* Business */ = {
			isa = PBXGroup;
			children = (
				2DBA1039AA7B72700BCC4895 /* Network */,
				2DBA14CF1A7931B64EB154B5 /* Services */,
			);
			path = Business;
			sourceTree = "<group>";
		};
		2DBA1C7B904822DBB4CB7A20 /* UIKit */ = {
			isa = PBXGroup;
			children = (
				2DBA177C282378ACD734FC4E /* Extensions */,
				2DBA152D903B54D1F9C4E61B /* ImageCard */,
			);
			path = UIKit;
			sourceTree = "<group>";
		};
		2DBA1CF928FFF612C8691932 /* Generated */ = {
			isa = PBXGroup;
			children = (
			);
			path = Generated;
			sourceTree = "<group>";
		};
		2DBA1EE67C67A3CA6EBFA0CF /* Subviews */ = {
			isa = PBXGroup;
			children = (
				2DBA1807701D5B6DC3834C59 /* ImageInfoView.swift */,
				2DBA10C783A986E7D2607505 /* UserInfoView.swift */,
				2DBA1CD38344C93DD9D37AA3 /* InfoLabel.swift */,
			);
			path = Subviews;
			sourceTree = "<group>";
		};
		FA6C6E0F27F961EA00EC2AAD = {
			isa = PBXGroup;
			children = (
				FA6C6E1A27F961EA00EC2AAD /* RandomImage */,
				FA6C6E1927F961EA00EC2AAD /* Products */,
			);
			sourceTree = "<group>";
		};
		FA6C6E1927F961EA00EC2AAD /* Products */ = {
			isa = PBXGroup;
			children = (
				FA6C6E1827F961EA00EC2AAD /* RandomImage.app */,
			);
			name = Products;
			sourceTree = "<group>";
		};
		FA6C6E1A27F961EA00EC2AAD /* RandomImage */ = {
			isa = PBXGroup;
			children = (
				2DBA11D70B35CBD82600164E /* Classes */,
				2DBA155A2E96F5B4B482E6BA /* Resources */,
			);
			path = RandomImage;
			sourceTree = "<group>";
		};
/* End PBXGroup section */

/* Begin PBXNativeTarget section */
		FA6C6E1727F961EA00EC2AAD /* RandomImage */ = {
			isa = PBXNativeTarget;
			buildConfigurationList = FA6C6E2C27F961F100EC2AAD /* Build configuration list for PBXNativeTarget "RandomImage" */;
			buildPhases = (
				FA6C6E1427F961EA00EC2AAD /* Sources */,
				FA6C6E1527F961EA00EC2AAD /* Frameworks */,
				FA6C6E1627F961EA00EC2AAD /* Resources */,
			);
			buildRules = (
			);
			dependencies = (
			);
			name = RandomImage;
			productName = RandomImage;
			productReference = FA6C6E1827F961EA00EC2AAD /* RandomImage.app */;
			productType = "com.apple.product-type.application";
		};
/* End PBXNativeTarget section */

/* Begin PBXProject section */
		FA6C6E1027F961EA00EC2AAD /* Project object */ = {
			isa = PBXProject;
			attributes = {
				BuildIndependentTargetsInParallel = 1;
				LastSwiftUpdateCheck = 1330;
				LastUpgradeCheck = 1330;
				TargetAttributes = {
					FA6C6E1727F961EA00EC2AAD = {
						CreatedOnToolsVersion = 13.3;
					};
				};
			};
			buildConfigurationList = FA6C6E1327F961EA00EC2AAD /* Build configuration list for PBXProject "RandomImage" */;
			compatibilityVersion = "Xcode 13.0";
			developmentRegion = en;
			hasScannedForEncodings = 0;
			knownRegions = (
				en,
				Base,
			);
			mainGroup = FA6C6E0F27F961EA00EC2AAD;
			productRefGroup = FA6C6E1927F961EA00EC2AAD /* Products */;
			projectDirPath = "";
			projectRoot = "";
			targets = (
				FA6C6E1727F961EA00EC2AAD /* RandomImage */,
			);
		};
/* End PBXProject section */

/* Begin PBXResourcesBuildPhase section */
		FA6C6E1627F961EA00EC2AAD /* Resources */ = {
			isa = PBXResourcesBuildPhase;
			buildActionMask = 2147483647;
			files = (
				2DBA15154FB46A443342AEB3 /* Assets.xcassets in Resources */,
				2DBA1DB6EB5DBE264BDAEC98 /* LaunchScreen.storyboard in Resources */,
			);
			runOnlyForDeploymentPostprocessing = 0;
		};
/* End PBXResourcesBuildPhase section */

/* Begin PBXSourcesBuildPhase section */
		FA6C6E1427F961EA00EC2AAD /* Sources */ = {
			isa = PBXSourcesBuildPhase;
			buildActionMask = 2147483647;
			files = (
				2DBA1684D0BA7ACE95C47ABE /* AppDelegate.swift in Sources */,
				2DBA1AE36F50513591A26B91 /* MainVC.swift in Sources */,
				2DBA1B1177220686A376D6A2 /* MainVM.swift in Sources */,
				2DBA186BA310130891F2DC4E /* UnsplashImage.swift in Sources */,
				2DBA159D563B8FCE69D347CA /* UnsplashUserInfo.swift in Sources */,
				2DBA1C7F30E08C42000501B5 /* UnsplashRequests.swift in Sources */,
				2DBA1ACD55C1B4E37BFE0C60 /* UnsplashApiKey.swift in Sources */,
				2DBA1F9E2A6D9B925D25F7AF /* UnsplashService.swift in Sources */,
				2DBA1F5918943068B066F82D /* UIView.swift in Sources */,
				2DBA1AFB02081FB0DF25A24F /* UIImageView.swift in Sources */,
				2DBA1CAB0736D94217562794 /* ImageCard.swift in Sources */,
				2DBA10506E6DFBD2D962474E /* ImageInfoView.swift in Sources */,
				2DBA175C6FB14F5EC09C3448 /* UserInfoView.swift in Sources */,
				2DBA15C26EEA22A36DF6804F /* InfoLabel.swift in Sources */,
				2DBA164E5C749D15A2AC7DE2 /* ImageInfoModel.swift in Sources */,
				2DBA19AE962E4B52FE49E258 /* UserInfoModel.swift in Sources */,
				2DBA10BA3F35B3FAAEA9C9C7 /* ImageCardModel.swift in Sources */,
			);
			runOnlyForDeploymentPostprocessing = 0;
		};
/* End PBXSourcesBuildPhase section */

/* Begin XCBuildConfiguration section */
		FA6C6E2A27F961F100EC2AAD /* Debug */ = {
			isa = XCBuildConfiguration;
			buildSettings = {
				ALWAYS_SEARCH_USER_PATHS = NO;
				CLANG_ANALYZER_NONNULL = YES;
				CLANG_ANALYZER_NUMBER_OBJECT_CONVERSION = YES_AGGRESSIVE;
				CLANG_CXX_LANGUAGE_STANDARD = "gnu++17";
				CLANG_ENABLE_MODULES = YES;
				CLANG_ENABLE_OBJC_ARC = YES;
				CLANG_ENABLE_OBJC_WEAK = YES;
				CLANG_WARN_BLOCK_CAPTURE_AUTORELEASING = YES;
				CLANG_WARN_BOOL_CONVERSION = YES;
				CLANG_WARN_COMMA = YES;
				CLANG_WARN_CONSTANT_CONVERSION = YES;
				CLANG_WARN_DEPRECATED_OBJC_IMPLEMENTATIONS = YES;
				CLANG_WARN_DIRECT_OBJC_ISA_USAGE = YES_ERROR;
				CLANG_WARN_DOCUMENTATION_COMMENTS = YES;
				CLANG_WARN_EMPTY_BODY = YES;
				CLANG_WARN_ENUM_CONVERSION = YES;
				CLANG_WARN_INFINITE_RECURSION = YES;
				CLANG_WARN_INT_CONVERSION = YES;
				CLANG_WARN_NON_LITERAL_NULL_CONVERSION = YES;
				CLANG_WARN_OBJC_IMPLICIT_RETAIN_SELF = YES;
				CLANG_WARN_OBJC_LITERAL_CONVERSION = YES;
				CLANG_WARN_OBJC_ROOT_CLASS = YES_ERROR;
				CLANG_WARN_QUOTED_INCLUDE_IN_FRAMEWORK_HEADER = YES;
				CLANG_WARN_RANGE_LOOP_ANALYSIS = YES;
				CLANG_WARN_STRICT_PROTOTYPES = YES;
				CLANG_WARN_SUSPICIOUS_MOVE = YES;
				CLANG_WARN_UNGUARDED_AVAILABILITY = YES_AGGRESSIVE;
				CLANG_WARN_UNREACHABLE_CODE = YES;
				CLANG_WARN__DUPLICATE_METHOD_MATCH = YES;
				COPY_PHASE_STRIP = NO;
				DEBUG_INFORMATION_FORMAT = dwarf;
				ENABLE_STRICT_OBJC_MSGSEND = YES;
				ENABLE_TESTABILITY = YES;
				GCC_C_LANGUAGE_STANDARD = gnu11;
				GCC_DYNAMIC_NO_PIC = NO;
				GCC_NO_COMMON_BLOCKS = YES;
				GCC_OPTIMIZATION_LEVEL = 0;
				GCC_PREPROCESSOR_DEFINITIONS = (
					"DEBUG=1",
					"$(inherited)",
				);
				GCC_WARN_64_TO_32_BIT_CONVERSION = YES;
				GCC_WARN_ABOUT_RETURN_TYPE = YES_ERROR;
				GCC_WARN_UNDECLARED_SELECTOR = YES;
				GCC_WARN_UNINITIALIZED_AUTOS = YES_AGGRESSIVE;
				GCC_WARN_UNUSED_FUNCTION = YES;
				GCC_WARN_UNUSED_VARIABLE = YES;
				IPHONEOS_DEPLOYMENT_TARGET = 15.4;
				MTL_ENABLE_DEBUG_INFO = INCLUDE_SOURCE;
				MTL_FAST_MATH = YES;
				ONLY_ACTIVE_ARCH = YES;
				SDKROOT = iphoneos;
				SWIFT_ACTIVE_COMPILATION_CONDITIONS = DEBUG;
				SWIFT_OPTIMIZATION_LEVEL = "-Onone";
			};
			name = Debug;
		};
		FA6C6E2B27F961F100EC2AAD /* Release */ = {
			isa = XCBuildConfiguration;
			buildSettings = {
				ALWAYS_SEARCH_USER_PATHS = NO;
				CLANG_ANALYZER_NONNULL = YES;
				CLANG_ANALYZER_NUMBER_OBJECT_CONVERSION = YES_AGGRESSIVE;
				CLANG_CXX_LANGUAGE_STANDARD = "gnu++17";
				CLANG_ENABLE_MODULES = YES;
				CLANG_ENABLE_OBJC_ARC = YES;
				CLANG_ENABLE_OBJC_WEAK = YES;
				CLANG_WARN_BLOCK_CAPTURE_AUTORELEASING = YES;
				CLANG_WARN_BOOL_CONVERSION = YES;
				CLANG_WARN_COMMA = YES;
				CLANG_WARN_CONSTANT_CONVERSION = YES;
				CLANG_WARN_DEPRECATED_OBJC_IMPLEMENTATIONS = YES;
				CLANG_WARN_DIRECT_OBJC_ISA_USAGE = YES_ERROR;
				CLANG_WARN_DOCUMENTATION_COMMENTS = YES;
				CLANG_WARN_EMPTY_BODY = YES;
				CLANG_WARN_ENUM_CONVERSION = YES;
				CLANG_WARN_INFINITE_RECURSION = YES;
				CLANG_WARN_INT_CONVERSION = YES;
				CLANG_WARN_NON_LITERAL_NULL_CONVERSION = YES;
				CLANG_WARN_OBJC_IMPLICIT_RETAIN_SELF = YES;
				CLANG_WARN_OBJC_LITERAL_CONVERSION = YES;
				CLANG_WARN_OBJC_ROOT_CLASS = YES_ERROR;
				CLANG_WARN_QUOTED_INCLUDE_IN_FRAMEWORK_HEADER = YES;
				CLANG_WARN_RANGE_LOOP_ANALYSIS = YES;
				CLANG_WARN_STRICT_PROTOTYPES = YES;
				CLANG_WARN_SUSPICIOUS_MOVE = YES;
				CLANG_WARN_UNGUARDED_AVAILABILITY = YES_AGGRESSIVE;
				CLANG_WARN_UNREACHABLE_CODE = YES;
				CLANG_WARN__DUPLICATE_METHOD_MATCH = YES;
				COPY_PHASE_STRIP = NO;
				DEBUG_INFORMATION_FORMAT = "dwarf-with-dsym";
				ENABLE_NS_ASSERTIONS = NO;
				ENABLE_STRICT_OBJC_MSGSEND = YES;
				GCC_C_LANGUAGE_STANDARD = gnu11;
				GCC_NO_COMMON_BLOCKS = YES;
				GCC_WARN_64_TO_32_BIT_CONVERSION = YES;
				GCC_WARN_ABOUT_RETURN_TYPE = YES_ERROR;
				GCC_WARN_UNDECLARED_SELECTOR = YES;
				GCC_WARN_UNINITIALIZED_AUTOS = YES_AGGRESSIVE;
				GCC_WARN_UNUSED_FUNCTION = YES;
				GCC_WARN_UNUSED_VARIABLE = YES;
				IPHONEOS_DEPLOYMENT_TARGET = 15.4;
				MTL_ENABLE_DEBUG_INFO = NO;
				MTL_FAST_MATH = YES;
				SDKROOT = iphoneos;
				SWIFT_COMPILATION_MODE = wholemodule;
				SWIFT_OPTIMIZATION_LEVEL = "-O";
				VALIDATE_PRODUCT = YES;
			};
			name = Release;
		};
		FA6C6E2D27F961F100EC2AAD /* Debug */ = {
			isa = XCBuildConfiguration;
			buildSettings = {
				ASSETCATALOG_COMPILER_APPICON_NAME = AppIcon;
				ASSETCATALOG_COMPILER_GLOBAL_ACCENT_COLOR_NAME = AccentColor;
				CODE_SIGN_STYLE = Automatic;
				CURRENT_PROJECT_VERSION = 1;
				GENERATE_INFOPLIST_FILE = YES;
				INFOPLIST_FILE = RandomImage/Resources/Info.plist;
				INFOPLIST_KEY_UIApplicationSupportsIndirectInputEvents = YES;
				INFOPLIST_KEY_UILaunchStoryboardName = LaunchScreen;
				INFOPLIST_KEY_UISupportedInterfaceOrientations = UIInterfaceOrientationPortrait;
				INFOPLIST_KEY_UISupportedInterfaceOrientations_iPad = "UIInterfaceOrientationPortrait UIInterfaceOrientationPortraitUpsideDown UIInterfaceOrientationLandscapeLeft UIInterfaceOrientationLandscapeRight";
				INFOPLIST_KEY_UISupportedInterfaceOrientations_iPhone = "UIInterfaceOrientationPortrait UIInterfaceOrientationLandscapeLeft UIInterfaceOrientationLandscapeRight";
				IPHONEOS_DEPLOYMENT_TARGET = 12.0;
				LD_RUNPATH_SEARCH_PATHS = (
					"$(inherited)",
					"@executable_path/Frameworks",
				);
				MARKETING_VERSION = 1.0;
				PRODUCT_BUNDLE_IDENTIFIER = alex.RandomImage;
				PRODUCT_NAME = "$(TARGET_NAME)";
				SWIFT_EMIT_LOC_STRINGS = YES;
				SWIFT_VERSION = 5.0;
				TARGETED_DEVICE_FAMILY = "1,2";
			};
			name = Debug;
		};
		FA6C6E2E27F961F100EC2AAD /* Release */ = {
			isa = XCBuildConfiguration;
			buildSettings = {
				ASSETCATALOG_COMPILER_APPICON_NAME = AppIcon;
				ASSETCATALOG_COMPILER_GLOBAL_ACCENT_COLOR_NAME = AccentColor;
				CODE_SIGN_STYLE = Automatic;
				CURRENT_PROJECT_VERSION = 1;
				GENERATE_INFOPLIST_FILE = YES;
				INFOPLIST_FILE = RandomImage/Resources/Info.plist;
				INFOPLIST_KEY_UIApplicationSupportsIndirectInputEvents = YES;
				INFOPLIST_KEY_UILaunchStoryboardName = LaunchScreen;
				INFOPLIST_KEY_UISupportedInterfaceOrientations = UIInterfaceOrientationPortrait;
				INFOPLIST_KEY_UISupportedInterfaceOrientations_iPad = "UIInterfaceOrientationPortrait UIInterfaceOrientationPortraitUpsideDown UIInterfaceOrientationLandscapeLeft UIInterfaceOrientationLandscapeRight";
				INFOPLIST_KEY_UISupportedInterfaceOrientations_iPhone = "UIInterfaceOrientationPortrait UIInterfaceOrientationLandscapeLeft UIInterfaceOrientationLandscapeRight";
				IPHONEOS_DEPLOYMENT_TARGET = 12.0;
				LD_RUNPATH_SEARCH_PATHS = (
					"$(inherited)",
					"@executable_path/Frameworks",
				);
				MARKETING_VERSION = 1.0;
				PRODUCT_BUNDLE_IDENTIFIER = alex.RandomImage;
				PRODUCT_NAME = "$(TARGET_NAME)";
				SWIFT_EMIT_LOC_STRINGS = YES;
				SWIFT_VERSION = 5.0;
				TARGETED_DEVICE_FAMILY = "1,2";
			};
			name = Release;
		};
/* End XCBuildConfiguration section */

/* Begin XCConfigurationList section */
		FA6C6E1327F961EA00EC2AAD /* Build configuration list for PBXProject "RandomImage" */ = {
			isa = XCConfigurationList;
			buildConfigurations = (
				FA6C6E2A27F961F100EC2AAD /* Debug */,
				FA6C6E2B27F961F100EC2AAD /* Release */,
			);
			defaultConfigurationIsVisible = 0;
			defaultConfigurationName = Release;
		};
		FA6C6E2C27F961F100EC2AAD /* Build configuration list for PBXNativeTarget "RandomImage" */ = {
			isa = XCConfigurationList;
			buildConfigurations = (
				FA6C6E2D27F961F100EC2AAD /* Debug */,
				FA6C6E2E27F961F100EC2AAD /* Release */,
			);
			defaultConfigurationIsVisible = 0;
			defaultConfigurationName = Release;
		};
/* End XCConfigurationList section */
	};
	rootObject = FA6C6E1027F961EA00EC2AAD /* Project object */;
}
